
Microsoft Visual Studio Solution File, Format Version 12.00
# Visual Studio Version 17
VisualStudioVersion = 17.4.33403.182
MinimumVisualStudioVersion = 10.0.40219.1
Project("{FAE04EC0-301F-11D3-BF4B-00C04F79EFBC}") = "LoginForm", "LoginForm\LoginForm.csproj", "{0793D2C5-2271-4AA7-8840-1A6728085B13}"
EndProject
Global
	GlobalSection(SolutionConfigurationPlatforms) = preSolution
		Debug|Any CPU = Debug|Any CPU
		Release|Any CPU = Release|Any CPU
	EndGlobalSection
	GlobalSection(ProjectConfigurationPlatforms) = postSolution
		{0793D2C5-2271-4AA7-8840-1A6728085B13}.Debug|Any CPU.ActiveCfg = Debug|Any CPU
		{0793D2C5-2271-4AA7-8840-1A6728085B13}.Debug|Any CPU.Build.0 = Debug|Any CPU
		{0793D2C5-2271-4AA7-8840-1A6728085B13}.Release|Any CPU.ActiveCfg = Release|Any CPU
		{0793D2C5-2271-4AA7-8840-1A6728085B13}.Release|Any CPU.Build.0 = Release|Any CPU
	EndGlobalSection
	GlobalSection(SolutionProperties) = preSolution
		HideSolutionNode = FALSE
	EndGlobalSection
	GlobalSection(ExtensibilityGlobals) = postSolution
		SolutionGuid = {88C12B35-F0F7-4586-B7F5-E995B665D0A9}
	EndGlobalSection
EndGlobal
