
Microsoft Visual Studio Solution File, Format Version 12.00
# Visual Studio Version 17
VisualStudioVersion = 17.4.33403.182
MinimumVisualStudioVersion = 10.0.40219.1
Project("{FAE04EC0-301F-11D3-BF4B-00C04F79EFBC}") = "Searching", "Searching\Searching.csproj", "{4FE6805B-DD5D-4CF3-9032-70766B5E20A9}"
EndProject
Global
	GlobalSection(SolutionConfigurationPlatforms) = preSolution
		Debug|Any CPU = Debug|Any CPU
		Release|Any CPU = Release|Any CPU
	EndGlobalSection
	GlobalSection(ProjectConfigurationPlatforms) = postSolution
		{4FE6805B-DD5D-4CF3-9032-70766B5E20A9}.Debug|Any CPU.ActiveCfg = Debug|Any CPU
		{4FE6805B-DD5D-4CF3-9032-70766B5E20A9}.Debug|Any CPU.Build.0 = Debug|Any CPU
		{4FE6805B-DD5D-4CF3-9032-70766B5E20A9}.Release|Any CPU.ActiveCfg = Release|Any CPU
		{4FE6805B-DD5D-4CF3-9032-70766B5E20A9}.Release|Any CPU.Build.0 = Release|Any CPU
	EndGlobalSection
	GlobalSection(SolutionProperties) = preSolution
		HideSolutionNode = FALSE
	EndGlobalSection
	GlobalSection(ExtensibilityGlobals) = postSolution
		SolutionGuid = {836CCEFC-1EBD-4C52-B23F-6408120695B1}
	EndGlobalSection
EndGlobal
